
Microsoft Visual Studio Solution File, Format Version 12.00
# Visual Studio Version 17
VisualStudioVersion = 17.1.32210.238
MinimumVisualStudioVersion = 10.0.40219.1
Project("{9A19103F-16F7-4668-BE54-9A1E7A4F7556}") = "Rennorb.Updater", "src\Rennorb.Updater.csproj", "{6FAD7249-8DCE-4C81-B5A2-141F118164D0}"
EndProject
Project("{2150E333-8FDC-42A3-9474-1A3956D46DE8}") = "Solution Items", "Solution Items", "{2ECB7364-1D24-4F96-9EB4-DA11285E76F9}"
	ProjectSection(SolutionItems) = preProject
		README.md = README.md
	EndProjectSection
EndProject
Global
	GlobalSection(SolutionConfigurationPlatforms) = preSolution
		Debug|Any CPU = Debug|Any CPU
		Release|Any CPU = Release|Any CPU
	EndGlobalSection
	GlobalSection(ProjectConfigurationPlatforms) = postSolution
		{6FAD7249-8DCE-4C81-B5A2-141F118164D0}.Debug|Any CPU.ActiveCfg = Debug|Any CPU
		{6FAD7249-8DCE-4C81-B5A2-141F118164D0}.Debug|Any CPU.Build.0 = Debug|Any CPU
		{6FAD7249-8DCE-4C81-B5A2-141F118164D0}.Release|Any CPU.ActiveCfg = Release|Any CPU
		{6FAD7249-8DCE-4C81-B5A2-141F118164D0}.Release|Any CPU.Build.0 = Release|Any CPU
	EndGlobalSection
	GlobalSection(SolutionProperties) = preSolution
		HideSolutionNode = FALSE
	EndGlobalSection
	GlobalSection(ExtensibilityGlobals) = postSolution
		SolutionGuid = {64733EE9-52C6-4214-A33B-0E2C1713AAC1}
	EndGlobalSection
EndGlobal
